
Microsoft Visual Studio Solution File, Format Version 12.00
# Visual Studio Version 17
VisualStudioVersion = 17.0.31903.59
MinimumVisualStudioVersion = 10.0.40219.1
Project("{FAE04EC0-301F-11D3-BF4B-00C04F79EFBC}") = "ArgumentParser", "ArgumentParser\ArgumentParser.csproj", "{D2A83CA0-2F5A-4D49-A7D5-7AC280968E7B}"
EndProject
Project("{FAE04EC0-301F-11D3-BF4B-00C04F79EFBC}") = "Tests", "Tests\Tests.csproj", "{6EFEA091-A986-40D2-998C-977152D62747}"
EndProject
Global
	GlobalSection(SolutionConfigurationPlatforms) = preSolution
		Debug|Any CPU = Debug|Any CPU
		Release|Any CPU = Release|Any CPU
	EndGlobalSection
	GlobalSection(ProjectConfigurationPlatforms) = postSolution
		{D2A83CA0-2F5A-4D49-A7D5-7AC280968E7B}.Debug|Any CPU.ActiveCfg = Debug|Any CPU
		{D2A83CA0-2F5A-4D49-A7D5-7AC280968E7B}.Debug|Any CPU.Build.0 = Debug|Any CPU
		{D2A83CA0-2F5A-4D49-A7D5-7AC280968E7B}.Release|Any CPU.ActiveCfg = Release|Any CPU
		{D2A83CA0-2F5A-4D49-A7D5-7AC280968E7B}.Release|Any CPU.Build.0 = Release|Any CPU
		{6EFEA091-A986-40D2-998C-977152D62747}.Debug|Any CPU.ActiveCfg = Debug|Any CPU
		{6EFEA091-A986-40D2-998C-977152D62747}.Debug|Any CPU.Build.0 = Debug|Any CPU
		{6EFEA091-A986-40D2-998C-977152D62747}.Release|Any CPU.ActiveCfg = Release|Any CPU
		{6EFEA091-A986-40D2-998C-977152D62747}.Release|Any CPU.Build.0 = Release|Any CPU
	EndGlobalSection
	GlobalSection(SolutionProperties) = preSolution
		HideSolutionNode = FALSE
	EndGlobalSection
EndGlobal
